
Microsoft Visual Studio Solution File, Format Version 12.00
# Visual Studio Version 17
VisualStudioVersion = 17.4.33213.308
MinimumVisualStudioVersion = 10.0.40219.1
Project("{FAE04EC0-301F-11D3-BF4B-00C04F79EFBC}") = "line_comparision", "line_comparision\line_comparision.csproj", "{9AFC41D7-C852-437B-976B-1B4E3DE353EE}"
EndProject
Global
	GlobalSection(SolutionConfigurationPlatforms) = preSolution
		Debug|Any CPU = Debug|Any CPU
		Release|Any CPU = Release|Any CPU
	EndGlobalSection
	GlobalSection(ProjectConfigurationPlatforms) = postSolution
		{9AFC41D7-C852-437B-976B-1B4E3DE353EE}.Debug|Any CPU.ActiveCfg = Debug|Any CPU
		{9AFC41D7-C852-437B-976B-1B4E3DE353EE}.Debug|Any CPU.Build.0 = Debug|Any CPU
		{9AFC41D7-C852-437B-976B-1B4E3DE353EE}.Release|Any CPU.ActiveCfg = Release|Any CPU
		{9AFC41D7-C852-437B-976B-1B4E3DE353EE}.Release|Any CPU.Build.0 = Release|Any CPU
	EndGlobalSection
	GlobalSection(SolutionProperties) = preSolution
		HideSolutionNode = FALSE
	EndGlobalSection
	GlobalSection(ExtensibilityGlobals) = postSolution
		SolutionGuid = {80205194-F060-4196-A16F-BBC09ACE0A52}
	EndGlobalSection
EndGlobal
